// !$*UTF8*$!
{
	archiveVersion = 1;
	classes = {
	};
	objectVersion = 46;
	objects = {

/* Begin PBXBuildFile section */
		3E27FAD21DA301FB009FA44B /* AppDelegate.swift in Sources */ = {isa = PBXBuildFile; fileRef = 3E27FAD11DA301FB009FA44B /* AppDelegate.swift */; };
		3E27FAD41DA301FB009FA44B /* ViewController.swift in Sources */ = {isa = PBXBuildFile; fileRef = 3E27FAD31DA301FB009FA44B /* ViewController.swift */; };
		3E27FAD71DA301FB009FA44B /* Main.storyboard in Resources */ = {isa = PBXBuildFile; fileRef = 3E27FAD51DA301FB009FA44B /* Main.storyboard */; };
		3E27FAD91DA301FB009FA44B /* Assets.xcassets in Resources */ = {isa = PBXBuildFile; fileRef = 3E27FAD81DA301FB009FA44B /* Assets.xcassets */; };
		3E27FADC1DA301FB009FA44B /* LaunchScreen.storyboard in Resources */ = {isa = PBXBuildFile; fileRef = 3E27FADA1DA301FB009FA44B /* LaunchScreen.storyboard */; };
/* End PBXBuildFile section */

/* Begin PBXFileReference section */
		3E27FACE1DA301FB009FA44B /* Jeff SWIFT app.app */ = {isa = PBXFileReference; explicitFileType = wrapper.application; includeInIndex = 0; path = "Jeff SWIFT app.app"; sourceTree = BUILT_PRODUCTS_DIR; };
		3E27FAD11DA301FB009FA44B /* AppDelegate.swift */ = {isa = PBXFileReference; lastKnownFileType = sourcecode.swift; path = AppDelegate.swift; sourceTree = "<group>"; };
		3E27FAD31DA301FB009FA44B /* ViewController.swift */ = {isa = PBXFileReference; lastKnownFileType = sourcecode.swift; path = ViewController.swift; sourceTree = "<group>"; };
		3E27FAD61DA301FB009FA44B /* Base */ = {isa = PBXFileReference; lastKnownFileType = file.storyboard; name = Base; path = Base.lproj/Main.storyboard; sourceTree = "<group>"; };
		3E27FAD81DA301FB009FA44B /* Assets.xcassets */ = {isa = PBXFileReference; lastKnownFileType = folder.assetcatalog; path = Assets.xcassets; sourceTree = "<group>"; };
		3E27FADB1DA301FB009FA44B /* Base */ = {isa = PBXFileReference; lastKnownFileType = file.storyboard; name = Base; path = Base.lproj/LaunchScreen.storyboard; sourceTree = "<group>"; };
		3E27FADD1DA301FB009FA44B /* Info.plist */ = {isa = PBXFileReference; lastKnownFileType = text.plist.xml; path = Info.plist; sourceTree = "<group>"; };
/* End PBXFileReference section */

/* Begin PBXFrameworksBuildPhase section */
		3E27FACB1DA301FB009FA44B /* Frameworks */ = {
			isa = PBXFrameworksBuildPhase;
			buildActionMask = 2147483647;
			files = (
			);
			runOnlyForDeploymentPostprocessing = 0;
		};
/* End PBXFrameworksBuildPhase section */

/* Begin PBXGroup section */
		3E27FAC51DA301FB009FA44B = {
			isa = PBXGroup;
			children = (
				3E27FAD01DA301FB009FA44B /* Jeff SWIFT app */,
				3E27FACF1DA301FB009FA44B /* Products */,
			);
			sourceTree = "<group>";
		};
		3E27FACF1DA301FB009FA44B /* Products */ = {
			isa = PBXGroup;
			children = (
				3E27FACE1DA301FB009FA44B /* Jeff SWIFT app.app */,
			);
			name = Products;
			sourceTree = "<group>";
		};
		3E27FAD01DA301FB009FA44B /* Jeff SWIFT app */ = {
			isa = PBXGroup;
			children = (
				3E27FAD11DA301FB009FA44B /* AppDelegate.swift */,
				3E27FAD31DA301FB009FA44B /* ViewController.swift */,
				3E27FAD51DA301FB009FA44B /* Main.storyboard */,
				3E27FAD81DA301FB009FA44B /* Assets.xcassets */,
				3E27FADA1DA301FB009FA44B /* LaunchScreen.storyboard */,
				3E27FADD1DA301FB009FA44B /* Info.plist */,
			);
			path = "Jeff SWIFT app";
			sourceTree = "<group>";
		};
/* End PBXGroup section */

/* Begin PBXNativeTarget section */
		3E27FACD1DA301FB009FA44B /* Jeff SWIFT app */ = {
			isa = PBXNativeTarget;
			buildConfigurationList = 3E27FAE01DA301FB009FA44B /* Build configuration list for PBXNativeTarget "Jeff SWIFT app" */;
			buildPhases = (
				3E27FACA1DA301FB009FA44B /* Sources */,
				3E27FACB1DA301FB009FA44B /* Frameworks */,
				3E27FACC1DA301FB009FA44B /* Resources */,
			);
			buildRules = (
			);
			dependencies = (
			);
			name = "Jeff SWIFT app";
			productName = "Jeff SWIFT app";
			productReference = 3E27FACE1DA301FB009FA44B /* Jeff SWIFT app.app */;
			productType = "com.apple.product-type.application";
		};
/* End PBXNativeTarget section */

/* Begin PBXProject section */
		3E27FAC61DA301FB009FA44B /* Project object */ = {
			isa = PBXProject;
			attributes = {
				LastSwiftUpdateCheck = 0800;
				LastUpgradeCheck = 0800;
				ORGANIZATIONNAME = "Jeff Pan";
				TargetAttributes = {
					3E27FACD1DA301FB009FA44B = {
						CreatedOnToolsVersion = 8.0;
						DevelopmentTeam = 2X38X69B45;
						ProvisioningStyle = Automatic;
					};
				};
			};
			buildConfigurationList = 3E27FAC91DA301FB009FA44B /* Build configuration list for PBXProject "Jeff SWIFT app" */;
			compatibilityVersion = "Xcode 3.2";
			developmentRegion = English;
			hasScannedForEncodings = 0;
			knownRegions = (
				en,
				Base,
			);
			mainGroup = 3E27FAC51DA301FB009FA44B;
			productRefGroup = 3E27FACF1DA301FB009FA44B /* Products */;
			projectDirPath = "";
			projectRoot = "";
			targets = (
				3E27FACD1DA301FB009FA44B /* Jeff SWIFT app */,
			);
		};
/* End PBXProject section */

/* Begin PBXResourcesBuildPhase section */
		3E27FACC1DA301FB009FA44B /* Resources */ = {
			isa = PBXResourcesBuildPhase;
			buildActionMask = 2147483647;
			files = (
				3E27FADC1DA301FB009FA44B /* LaunchScreen.storyboard in Resources */,
				3E27FAD91DA301FB009FA44B /* Assets.xcassets in Resources */,
				3E27FAD71DA301FB009FA44B /* Main.storyboard in Resources */,
			);
			runOnlyForDeploymentPostprocessing = 0;
		};
/* End PBXResourcesBuildPhase section */

/* Begin PBXSourcesBuildPhase section */
		3E27FACA1DA301FB009FA44B /* Sources */ = {
			isa = PBXSourcesBuildPhase;
			buildActionMask = 2147483647;
			files = (
				3E27FAD41DA301FB009FA44B /* ViewController.swift in Sources */,
				3E27FAD21DA301FB009FA44B /* AppDelegate.swift in Sources */,
			);
			runOnlyForDeploymentPostprocessing = 0;
		};
/* End PBXSourcesBuildPhase section */

/* Begin PBXVariantGroup section */
		3E27FAD51DA301FB009FA44B /* Main.storyboard */ = {
			isa = PBXVariantGroup;
			children = (
				3E27FAD61DA301FB009FA44B /* Base */,
			);
			name = Main.storyboard;
			sourceTree = "<group>";
		};
		3E27FADA1DA301FB009FA44B /* LaunchScreen.storyboard */ = {
			isa = PBXVariantGroup;
			children = (
				3E27FADB1DA301FB009FA44B /* Base */,
			);
			name = LaunchScreen.storyboard;
			sourceTree = "<group>";
		};
/* End PBXVariantGroup section */

/* Begin XCBuildConfiguration section */
		3E27FADE1DA301FB009FA44B /* Debug */ = {
			isa = XCBuildConfiguration;
			buildSettings = {
				ALWAYS_SEARCH_USER_PATHS = NO;
				CLANG_ANALYZER_NONNULL = YES;
				CLANG_CXX_LANGUAGE_STANDARD = "gnu++0x";
				CLANG_CXX_LIBRARY = "libc++";
				CLANG_ENABLE_MODULES = YES;
				CLANG_ENABLE_OBJC_ARC = YES;
				CLANG_WARN_BOOL_CONVERSION = YES;
				CLANG_WARN_CONSTANT_CONVERSION = YES;
				CLANG_WARN_DIRECT_OBJC_ISA_USAGE = YES_ERROR;
				CLANG_WARN_DOCUMENTATION_COMMENTS = YES;
				CLANG_WARN_EMPTY_BODY = YES;
				CLANG_WARN_ENUM_CONVERSION = YES;
				CLANG_WARN_INFINITE_RECURSION = YES;
				CLANG_WARN_INT_CONVERSION = YES;
				CLANG_WARN_OBJC_ROOT_CLASS = YES_ERROR;
				CLANG_WARN_SUSPICIOUS_MOVES = YES;
				CLANG_WARN_UNREACHABLE_CODE = YES;
				CLANG_WARN__DUPLICATE_METHOD_MATCH = YES;
				"CODE_SIGN_IDENTITY[sdk=iphoneos*]" = "iPhone Developer";
				COPY_PHASE_STRIP = NO;
				DEBUG_INFORMATION_FORMAT = dwarf;
				ENABLE_STRICT_OBJC_MSGSEND = YES;
				ENABLE_TESTABILITY = YES;
				GCC_C_LANGUAGE_STANDARD = gnu99;
				GCC_DYNAMIC_NO_PIC = NO;
				GCC_NO_COMMON_BLOCKS = YES;
				GCC_OPTIMIZATION_LEVEL = 0;
				GCC_PREPROCESSOR_DEFINITIONS = (
					"DEBUG=1",
					"$(inherited)",
				);
				GCC_WARN_64_TO_32_BIT_CONVERSION = YES;
				GCC_WARN_ABOUT_RETURN_TYPE = YES_ERROR;
				GCC_WARN_UNDECLARED_SELECTOR = YES;
				GCC_WARN_UNINITIALIZED_AUTOS = YES_AGGRESSIVE;
				GCC_WARN_UNUSED_FUNCTION = YES;
				GCC_WARN_UNUSED_VARIABLE = YES;
				IPHONEOS_DEPLOYMENT_TARGET = 10.0;
				MTL_ENABLE_DEBUG_INFO = YES;
				ONLY_ACTIVE_ARCH = YES;
				SDKROOT = iphoneos;
				SWIFT_ACTIVE_COMPILATION_CONDITIONS = DEBUG;
				SWIFT_OPTIMIZATION_LEVEL = "-Onone";
				TARGETED_DEVICE_FAMILY = "1,2";
			};
			name = Debug;
		};
		3E27FADF1DA301FB009FA44B /* Release */ = {
			isa = XCBuildConfiguration;
			buildSettings = {
				ALWAYS_SEARCH_USER_PATHS = NO;
				CLANG_ANALYZER_NONNULL = YES;
				CLANG_CXX_LANGUAGE_STANDARD = "gnu++0x";
				CLANG_CXX_LIBRARY = "libc++";
				CLANG_ENABLE_MODULES = YES;
				CLANG_ENABLE_OBJC_ARC = YES;
				CLANG_WARN_BOOL_CONVERSION = YES;
				CLANG_WARN_CONSTANT_CONVERSION = YES;
				CLANG_WARN_DIRECT_OBJC_ISA_USAGE = YES_ERROR;
				CLANG_WARN_DOCUMENTATION_COMMENTS = YES;
				CLANG_WARN_EMPTY_BODY = YES;
				CLANG_WARN_ENUM_CONVERSION = YES;
				CLANG_WARN_INFINITE_RECURSION = YES;
				CLANG_WARN_INT_CONVERSION = YES;
				CLANG_WARN_OBJC_ROOT_CLASS = YES_ERROR;
				CLANG_WARN_SUSPICIOUS_MOVES = YES;
				CLANG_WARN_UNREACHABLE_CODE = YES;
				CLANG_WARN__DUPLICATE_METHOD_MATCH = YES;
				"CODE_SIGN_IDENTITY[sdk=iphoneos*]" = "iPhone Developer";
				COPY_PHASE_STRIP = NO;
				DEBUG_INFORMATION_FORMAT = "dwarf-with-dsym";
				ENABLE_NS_ASSERTIONS = NO;
				ENABLE_STRICT_OBJC_MSGSEND = YES;
				GCC_C_LANGUAGE_STANDARD = gnu99;
				GCC_NO_COMMON_BLOCKS = YES;
				GCC_WARN_64_TO_32_BIT_CONVERSION = YES;
				GCC_WARN_ABOUT_RETURN_TYPE = YES_ERROR;
				GCC_WARN_UNDECLARED_SELECTOR = YES;
				GCC_WARN_UNINITIALIZED_AUTOS = YES_AGGRESSIVE;
				GCC_WARN_UNUSED_FUNCTION = YES;
				GCC_WARN_UNUSED_VARIABLE = YES;
				IPHONEOS_DEPLOYMENT_TARGET = 10.0;
				MTL_ENABLE_DEBUG_INFO = NO;
				SDKROOT = iphoneos;
				SWIFT_OPTIMIZATION_LEVEL = "-Owholemodule";
				TARGETED_DEVICE_FAMILY = "1,2";
				VALIDATE_PRODUCT = YES;
			};
			name = Release;
		};
		3E27FAE11DA301FB009FA44B /* Debug */ = {
			isa = XCBuildConfiguration;
			buildSettings = {
				ASSETCATALOG_COMPILER_APPICON_NAME = AppIcon;
				DEVELOPMENT_TEAM = 2X38X69B45;
				INFOPLIST_FILE = "Jeff SWIFT app/Info.plist";
				LD_RUNPATH_SEARCH_PATHS = "$(inherited) @executable_path/Frameworks";
				PRODUCT_BUNDLE_IDENTIFIER = "aeffect.Jeff-SWIFT-app";
				PRODUCT_NAME = "$(TARGET_NAME)";
				SWIFT_VERSION = 3.0;
			};
			name = Debug;
		};
		3E27FAE21DA301FB009FA44B /* Release */ = {
			isa = XCBuildConfiguration;
			buildSettings = {
				ASSETCATALOG_COMPILER_APPICON_NAME = AppIcon;
				DEVELOPMENT_TEAM = 2X38X69B45;
				INFOPLIST_FILE = "Jeff SWIFT app/Info.plist";
				LD_RUNPATH_SEARCH_PATHS = "$(inherited) @executable_path/Frameworks";
				PRODUCT_BUNDLE_IDENTIFIER = "aeffect.Jeff-SWIFT-app";
				PRODUCT_NAME = "$(TARGET_NAME)";
				SWIFT_VERSION = 3.0;
			};
			name = Release;
		};
/* End XCBuildConfiguration section */

/* Begin XCConfigurationList section */
		3E27FAC91DA301FB009FA44B /* Build configuration list for PBXProject "Jeff SWIFT app" */ = {
			isa = XCConfigurationList;
			buildConfigurations = (
				3E27FADE1DA301FB009FA44B /* Debug */,
				3E27FADF1DA301FB009FA44B /* Release */,
			);
			defaultConfigurationIsVisible = 0;
			defaultConfigurationName = Release;
		};
		3E27FAE01DA301FB009FA44B /* Build configuration list for PBXNativeTarget "Jeff SWIFT app" */ = {
			isa = XCConfigurationList;
			buildConfigurations = (
				3E27FAE11DA301FB009FA44B /* Debug */,
				3E27FAE21DA301FB009FA44B /* Release */,
			);
			defaultConfigurationIsVisible = 0;
		};
/* End XCConfigurationList section */
	};
	rootObject = 3E27FAC61DA301FB009FA44B /* Project object */;
}
